PODS:
  - connectivity (0.0.1):
    - Flutter
    - Reachability
  - connectivity_macos (0.0.1):
    - Flutter
  - Firebase/Core (6.10.0):
    - Firebase/CoreOnly
    - FirebaseAnalytics (= 6.1.3)
  - Firebase/CoreOnly (6.10.0):
    - FirebaseCore (= 6.3.1)
  - Firebase/Messaging (6.10.0):
    - Firebase/CoreOnly
    - FirebaseMessaging (~> 4.1.6)
  - Firebase/RemoteConfig (6.10.0):
    - Firebase/CoreOnly
    - FirebaseRemoteConfig (~> 4.4.2)
  - firebase_messaging (0.0.1):
    - Firebase/Core
    - Firebase/Messaging
    - Flutter
  - firebase_remote_config (0.0.1):
    - Firebase/RemoteConfig
    - Flutter
  - FirebaseABTesting (3.2.0):
    - FirebaseAnalyticsInterop (~> 1.3)
    - FirebaseCore (~> 6.1)
    - Protobuf (>= 3.9.2, ~> 3.9)
  - FirebaseAnalytics (6.1.3):
    - FirebaseCore (~> 6.3)
    - FirebaseInstanceID (~> 4.2)
    - GoogleAppMeasurement (= 6.1.3)
    - GoogleUtilities/AppDelegateSwizzler (~> 6.0)
    - GoogleUtilities/MethodSwizzler (~> 6.0)
    - GoogleUtilities/Network (~> 6.0)
    - "GoogleUtilities/NSData+zlib (~> 6.0)"
    - nanopb (~> 0.3.901)
  - FirebaseAnalyticsInterop (1.4.0)
  - FirebaseCore (6.3.1):
    - FirebaseCoreDiagnostics (~> 1.0)
    - FirebaseCoreDiagnosticsInterop (~> 1.0)
    - GoogleUtilities/Environment (~> 6.2)
    - GoogleUtilities/Logger (~> 6.2)
  - FirebaseCoreDiagnostics (1.1.1):
    - FirebaseCoreDiagnosticsInterop (~> 1.0)
    - GoogleDataTransportCCTSupport (~> 1.0)
    - GoogleUtilities/Environment (~> 6.2)
    - GoogleUtilities/Logger (~> 6.2)
    - nanopb (~> 0.3.901)
  - FirebaseCoreDiagnosticsInterop (1.0.0)
  - FirebaseInstanceID (4.2.5):
    - FirebaseCore (~> 6.0)
    - GoogleUtilities/Environment (~> 6.0)
    - GoogleUtilities/UserDefaults (~> 6.0)
  - FirebaseMessaging (4.1.6):
    - FirebaseAnalyticsInterop (~> 1.3)
    - FirebaseCore (~> 6.2)
    - FirebaseInstanceID (~> 4.1)
    - GoogleUtilities/AppDelegateSwizzler (~> 6.2)
    - GoogleUtilities/Environment (~> 6.2)
    - GoogleUtilities/Reachability (~> 6.2)
    - GoogleUtilities/UserDefaults (~> 6.2)
    - Protobuf (>= 3.9.2, ~> 3.9)
  - FirebaseRemoteConfig (4.4.9):
    - FirebaseABTesting (~> 3.1)
    - FirebaseAnalyticsInterop (~> 1.4)
    - FirebaseCore (~> 6.2)
    - FirebaseInstanceID (~> 4.2)
    - GoogleUtilities/Environment (~> 6.2)
    - "GoogleUtilities/NSData+zlib (~> 6.2)"
    - Protobuf (>= 3.9.2, ~> 3.9)
  - Flutter (1.0.0)
  - flutter_plugin_android_lifecycle (0.0.1):
    - Flutter
  - FMDB (2.7.5):
    - FMDB/standard (= 2.7.5)
  - FMDB/standard (2.7.5)
  - geolocator (5.3.0):
    - Flutter
  - google_api_availability (2.0.3):
    - Flutter
  - google_maps_flutter (0.0.1):
    - Flutter
    - GoogleMaps
  - GoogleAppMeasurement (6.1.3):
    - GoogleUtilities/AppDelegateSwizzler (~> 6.0)
    - GoogleUtilities/MethodSwizzler (~> 6.0)
    - GoogleUtilities/Network (~> 6.0)
    - "GoogleUtilities/NSData+zlib (~> 6.0)"
    - nanopb (~> 0.3.901)
  - GoogleDataTransport (3.0.1)
  - GoogleDataTransportCCTSupport (1.2.1):
    - GoogleDataTransport (~> 3.0)
    - nanopb (~> 0.3.901)
  - GoogleMaps (2.7.0):
    - GoogleMaps/Maps (= 2.7.0)
  - GoogleMaps/Base (2.7.0)
  - GoogleMaps/Maps (2.7.0):
    - GoogleMaps/Base
  - GoogleUtilities/AppDelegateSwizzler (6.3.1):
    - GoogleUtilities/Environment
    - GoogleUtilities/Logger
    - GoogleUtilities/Network
  - GoogleUtilities/Environment (6.3.1)
  - GoogleUtilities/Logger (6.3.1):
    - GoogleUtilities/Environment
  - GoogleUtilities/MethodSwizzler (6.3.1):
    - GoogleUtilities/Logger
  - GoogleUtilities/Network (6.3.1):
    - GoogleUtilities/Logger
    - "GoogleUtilities/NSData+zlib"
    - GoogleUtilities/Reachability
  - "GoogleUtilities/NSData+zlib (6.3.1)"
  - GoogleUtilities/Reachability (6.3.1):
    - GoogleUtilities/Logger
  - GoogleUtilities/UserDefaults (6.3.1):
    - GoogleUtilities/Logger
  - location_permissions (2.0.5):
    - Flutter
  - nanopb (0.3.901):
    - nanopb/decode (= 0.3.901)
    - nanopb/encode (= 0.3.901)
  - nanopb/decode (0.3.901)
  - nanopb/encode (0.3.901)
  - package_info (0.0.1):
    - Flutter
  - path_provider (0.0.1):
    - Flutter
  - path_provider_macos (0.0.1):
    - Flutter
  - Protobuf (3.10.0)
  - Reachability (3.2)
  - share (0.5.2):
    - Flutter
  - shared_preferences (0.0.1):
    - Flutter
  - shared_preferences_macos (0.0.1):
    - Flutter
  - shared_preferences_web (0.0.1):
    - Flutter
  - sqflite (0.0.1):
    - Flutter
    - FMDB (~> 2.7.2)
  - url_launcher (0.0.1):
    - Flutter
  - url_launcher_macos (0.0.1):
    - Flutter
  - url_launcher_web (0.0.1):
    - Flutter

DEPENDENCIES:
  - connectivity (from `.symlinks/plugins/connectivity/ios`)
  - connectivity_macos (from `.symlinks/plugins/connectivity_macos/ios`)
  - firebase_messaging (from `.symlinks/plugins/firebase_messaging/ios`)
  - firebase_remote_config (from `.symlinks/plugins/firebase_remote_config/ios`)
  - Flutter (from `Flutter`)
  - flutter_plugin_android_lifecycle (from `.symlinks/plugins/flutter_plugin_android_lifecycle/ios`)
  - geolocator (from `.symlinks/plugins/geolocator/ios`)
  - google_api_availability (from `.symlinks/plugins/google_api_availability/ios`)
  - google_maps_flutter (from `.symlinks/plugins/google_maps_flutter/ios`)
  - location_permissions (from `.symlinks/plugins/location_permissions/ios`)
  - package_info (from `.symlinks/plugins/package_info/ios`)
  - path_provider (from `.symlinks/plugins/path_provider/ios`)
  - path_provider_macos (from `.symlinks/plugins/path_provider_macos/ios`)
  - share (from `.symlinks/plugins/share/ios`)
  - shared_preferences (from `.symlinks/plugins/shared_preferences/ios`)
  - shared_preferences_macos (from `.symlinks/plugins/shared_preferences_macos/ios`)
  - shared_preferences_web (from `.symlinks/plugins/shared_preferences_web/ios`)
  - sqflite (from `.symlinks/plugins/sqflite/ios`)
  - url_launcher (from `.symlinks/plugins/url_launcher/ios`)
  - url_launcher_macos (from `.symlinks/plugins/url_launcher_macos/ios`)
  - url_launcher_web (from `.symlinks/plugins/url_launcher_web/ios`)

SPEC REPOS:
  trunk:
    - Firebase
    - FirebaseABTesting
    - FirebaseAnalytics
    - FirebaseAnalyticsInterop
    - FirebaseCore
    - FirebaseCoreDiagnostics
    - FirebaseCoreDiagnosticsInterop
    - FirebaseInstanceID
    - FirebaseMessaging
    - FirebaseRemoteConfig
    - FMDB
    - GoogleAppMeasurement
    - GoogleDataTransport
    - GoogleDataTransportCCTSupport
    - GoogleMaps
    - GoogleUtilities
    - nanopb
    - Protobuf
    - Reachability

EXTERNAL SOURCES:
  connectivity:
    :path: ".symlinks/plugins/connectivity/ios"
  connectivity_macos:
    :path: ".symlinks/plugins/connectivity_macos/ios"
  firebase_messaging:
    :path: ".symlinks/plugins/firebase_messaging/ios"
  firebase_remote_config:
    :path: ".symlinks/plugins/firebase_remote_config/ios"
  Flutter:
    :path: Flutter
  flutter_plugin_android_lifecycle:
    :path: ".symlinks/plugins/flutter_plugin_android_lifecycle/ios"
  geolocator:
    :path: ".symlinks/plugins/geolocator/ios"
  google_api_availability:
    :path: ".symlinks/plugins/google_api_availability/ios"
  google_maps_flutter:
    :path: ".symlinks/plugins/google_maps_flutter/ios"
  location_permissions:
    :path: ".symlinks/plugins/location_permissions/ios"
  package_info:
    :path: ".symlinks/plugins/package_info/ios"
  path_provider:
    :path: ".symlinks/plugins/path_provider/ios"
  path_provider_macos:
    :path: ".symlinks/plugins/path_provider_macos/ios"
  share:
    :path: ".symlinks/plugins/share/ios"
  shared_preferences:
    :path: ".symlinks/plugins/shared_preferences/ios"
  shared_preferences_macos:
    :path: ".symlinks/plugins/shared_preferences_macos/ios"
  shared_preferences_web:
    :path: ".symlinks/plugins/shared_preferences_web/ios"
  sqflite:
    :path: ".symlinks/plugins/sqflite/ios"
  url_launcher:
    :path: ".symlinks/plugins/url_launcher/ios"
  url_launcher_macos:
    :path: ".symlinks/plugins/url_launcher_macos/ios"
  url_launcher_web:
    :path: ".symlinks/plugins/url_launcher_web/ios"

SPEC CHECKSUMS:
  connectivity: 6e94255659cc86dcbef1d452ad3e0491bb1b3e75
  connectivity_macos: e2e9731b6b22dda39eb1b128f6969d574460e191
  Firebase: 5e6b7b12bf9adb90986688edc06b156c37e109cd
  firebase_messaging: cffb57ce40958c6204f03fb0c81713e4cd1e240c
  firebase_remote_config: f3581c5addecc691a968f2a7f2bcdf0878509bfd
  FirebaseABTesting: 821a3a3e4a145987e80fee3657c4de1cb9adf693
  FirebaseAnalytics: 0e3ecff2c5d86070f7d4325e21f1edabfbd558dc
  FirebaseAnalyticsInterop: d48b6ab67bcf016a05e55b71fc39c61c0cb6b7f3
  FirebaseCore: 064c2dd92a8ca5974bbdcb080df9921e46bd34cd
  FirebaseCoreDiagnostics: af29e43048607588c050889d19204f4d7b758c9f
  FirebaseCoreDiagnosticsInterop: 6829da2b8d1fc795ff1bd99df751d3788035d2cb
  FirebaseInstanceID: 550df9be1f99f751d8fcde3ac342a1e21a0e6c42
  FirebaseMessaging: 35edef69a6af9b34e9e44624089f054be3c09089
  FirebaseRemoteConfig: 47abf7a04a9082091955ea555aa79cfdd249b19c
  Flutter: 0e3d915762c693b495b44d77113d4970485de6ec
  flutter_plugin_android_lifecycle: 47de533a02850f070f5696a623995e93eddcdb9b
  FMDB: 2ce00b547f966261cd18927a3ddb07cb6f3db82a
  geolocator: 7cdcf71180b80913b3cd84ab715d3b5365b378af
  google_api_availability: 526574c9a5a0ae541e18c65f98e47afc11f53c8b
  google_maps_flutter: d0dd62f5a7d39bae61057eb9f52dd778d99c7c6c
  GoogleAppMeasurement: 434cc7be25e71dc04b8d0e3079125127b330e84a
  GoogleDataTransport: 166f9b9f82cbf60a204e8fe2daa9db3e3ec1fb15
  GoogleDataTransportCCTSupport: f6ab1962e9dc05ab1fb938b795e5b310209edeec
  GoogleMaps: f79af95cb24d869457b1f961c93d3ce8b2f3b848
  GoogleUtilities: f895fde57977df4e0233edda0dbeac490e3703b6
  location_permissions: 4a49d4e5bec5b653643e551ab77963cc99bb0e4a
  nanopb: 2901f78ea1b7b4015c860c2fdd1ea2fee1a18d48
  package_info: 48b108e75b8802c2d5e126f208ef540561c98aef
  path_provider: fb74bd0465e96b594bb3b5088ee4a4e7bb1f2a9d
  path_provider_macos: f760a3c5b04357c380e2fddb6f9db6f3015897e0
  Protobuf: a4dc852ad69c027ca2166ed287b856697814375b
  Reachability: 33e18b67625424e47b6cde6d202dce689ad7af96
  share: bae0a282aab4483288913fc4dc0b935d4b491f2e
  shared_preferences: 430726339841afefe5142b9c1f50cb6bd7793e01
  shared_preferences_macos: f3f29b71ccbb56bf40c9dd6396c9acf15e214087
  shared_preferences_web: 141cce0c3ed1a1c5bf2a0e44f52d31eeb66e5ea9
  sqflite: 4001a31ff81d210346b500c55b17f4d6c7589dd0
  url_launcher: a1c0cc845906122c4784c542523d8cacbded5626
  url_launcher_macos: fd7894421cd39320dce5f292fc99ea9270b2a313
  url_launcher_web: e5527357f037c87560776e36436bf2b0288b965c

PODFILE CHECKSUM: 1b66dae606f75376c5f2135a8290850eeb09ae83

COCOAPODS: 1.9.0
